
Microsoft Visual Studio Solution File, Format Version 12.00
# Visual Studio 15
VisualStudioVersion = 15.0.28307.329
MinimumVisualStudioVersion = 10.0.40219.1
Project("{FAE04EC0-301F-11D3-BF4B-00C04F79EFBC}") = "LinqLibrary", "LinqLibrary\LinqLibrary.csproj", "{9575D499-7DE0-4DC5-9FB3-54785E5099C3}"
EndProject
Project("{FAE04EC0-301F-11D3-BF4B-00C04F79EFBC}") = "LinqApp", "LinqApp\LinqApp.csproj", "{74BD9305-1B04-4CB3-8F1A-7EA552C4B940}"
EndProject
Global
	GlobalSection(SolutionConfigurationPlatforms) = preSolution
		Debug|Any CPU = Debug|Any CPU
		Release|Any CPU = Release|Any CPU
	EndGlobalSection
	GlobalSection(ProjectConfigurationPlatforms) = postSolution
		{9575D499-7DE0-4DC5-9FB3-54785E5099C3}.Debug|Any CPU.ActiveCfg = Debug|Any CPU
		{9575D499-7DE0-4DC5-9FB3-54785E5099C3}.Debug|Any CPU.Build.0 = Debug|Any CPU
		{9575D499-7DE0-4DC5-9FB3-54785E5099C3}.Release|Any CPU.ActiveCfg = Release|Any CPU
		{9575D499-7DE0-4DC5-9FB3-54785E5099C3}.Release|Any CPU.Build.0 = Release|Any CPU
		{74BD9305-1B04-4CB3-8F1A-7EA552C4B940}.Debug|Any CPU.ActiveCfg = Debug|Any CPU
		{74BD9305-1B04-4CB3-8F1A-7EA552C4B940}.Debug|Any CPU.Build.0 = Debug|Any CPU
		{74BD9305-1B04-4CB3-8F1A-7EA552C4B940}.Release|Any CPU.ActiveCfg = Release|Any CPU
		{74BD9305-1B04-4CB3-8F1A-7EA552C4B940}.Release|Any CPU.Build.0 = Release|Any CPU
	EndGlobalSection
	GlobalSection(SolutionProperties) = preSolution
		HideSolutionNode = FALSE
	EndGlobalSection
	GlobalSection(ExtensibilityGlobals) = postSolution
		SolutionGuid = {1249032E-3E42-4BA9-BDD7-5DB51D4B8AA9}
	EndGlobalSection
EndGlobal
